
Microsoft Visual Studio Solution File, Format Version 12.00
# Visual Studio Version 17
VisualStudioVersion = 17.5.33516.290
MinimumVisualStudioVersion = 10.0.40219.1
Project("{FAE04EC0-301F-11D3-BF4B-00C04F79EFBC}") = "Vacation", "Vacation\Vacation.csproj", "{47987F4E-233C-4A78-B6FB-AD55A1EB51DE}"
EndProject
Global
	GlobalSection(SolutionConfigurationPlatforms) = preSolution
		Debug|Any CPU = Debug|Any CPU
		Release|Any CPU = Release|Any CPU
	EndGlobalSection
	GlobalSection(ProjectConfigurationPlatforms) = postSolution
		{47987F4E-233C-4A78-B6FB-AD55A1EB51DE}.Debug|Any CPU.ActiveCfg = Debug|Any CPU
		{47987F4E-233C-4A78-B6FB-AD55A1EB51DE}.Debug|Any CPU.Build.0 = Debug|Any CPU
		{47987F4E-233C-4A78-B6FB-AD55A1EB51DE}.Release|Any CPU.ActiveCfg = Release|Any CPU
		{47987F4E-233C-4A78-B6FB-AD55A1EB51DE}.Release|Any CPU.Build.0 = Release|Any CPU
	EndGlobalSection
	GlobalSection(SolutionProperties) = preSolution
		HideSolutionNode = FALSE
	EndGlobalSection
	GlobalSection(ExtensibilityGlobals) = postSolution
		SolutionGuid = {A7149B52-924B-4CA4-A409-DA37E013CC4B}
	EndGlobalSection
EndGlobal
